// !$*UTF8*$!
{
	archiveVersion = 1;
	classes = {
	};
	objectVersion = 46;
	objects = {

/* Begin PBXBuildFile section */
		235069701B28DC79008E909B /* AppDelegate.swift in Sources */ = {isa = PBXBuildFile; fileRef = 2350696F1B28DC79008E909B /* AppDelegate.swift */; };
		235069721B28DC79008E909B /* ViewController.swift in Sources */ = {isa = PBXBuildFile; fileRef = 235069711B28DC79008E909B /* ViewController.swift */; };
		235069751B28DC79008E909B /* Main.storyboard in Resources */ = {isa = PBXBuildFile; fileRef = 235069731B28DC79008E909B /* Main.storyboard */; };
		235069771B28DC79008E909B /* Assets.xcassets in Resources */ = {isa = PBXBuildFile; fileRef = 235069761B28DC79008E909B /* Assets.xcassets */; };
		2350697A1B28DC79008E909B /* LaunchScreen.storyboard in Resources */ = {isa = PBXBuildFile; fileRef = 235069781B28DC79008E909B /* LaunchScreen.storyboard */; };
		235069851B28DC79008E909B /* UITestingRecordingWithLabelTests.swift in Sources */ = {isa = PBXBuildFile; fileRef = 235069841B28DC79008E909B /* UITestingRecordingWithLabelTests.swift */; };
		235069901B28DC79008E909B /* UITestingRecordingWithLabelUITests.swift in Sources */ = {isa = PBXBuildFile; fileRef = 2350698F1B28DC79008E909B /* UITestingRecordingWithLabelUITests.swift */; };
/* End PBXBuildFile section */

/* Begin PBXContainerItemProxy section */
		235069811B28DC79008E909B /* PBXContainerItemProxy */ = {
			isa = PBXContainerItemProxy;
			containerPortal = 235069641B28DC79008E909B /* Project object */;
			proxyType = 1;
			remoteGlobalIDString = 2350696B1B28DC79008E909B;
			remoteInfo = UITestingRecordingWithLabel;
		};
		2350698C1B28DC79008E909B /* PBXContainerItemProxy */ = {
			isa = PBXContainerItemProxy;
			containerPortal = 235069641B28DC79008E909B /* Project object */;
			proxyType = 1;
			remoteGlobalIDString = 2350696B1B28DC79008E909B;
			remoteInfo = UITestingRecordingWithLabel;
		};
/* End PBXContainerItemProxy section */

/* Begin PBXFileReference section */
		2350696C1B28DC79008E909B /* UITestingRecordingWithLabel.app */ = {isa = PBXFileReference; explicitFileType = wrapper.application; includeInIndex = 0; path = UITestingRecordingWithLabel.app; sourceTree = BUILT_PRODUCTS_DIR; };
		2350696F1B28DC79008E909B /* AppDelegate.swift */ = {isa = PBXFileReference; lastKnownFileType = sourcecode.swift; path = AppDelegate.swift; sourceTree = "<group>"; };
		235069711B28DC79008E909B /* ViewController.swift */ = {isa = PBXFileReference; lastKnownFileType = sourcecode.swift; path = ViewController.swift; sourceTree = "<group>"; };
		235069741B28DC79008E909B /* Base */ = {isa = PBXFileReference; lastKnownFileType = file.storyboard; name = Base; path = Base.lproj/Main.storyboard; sourceTree = "<group>"; };
		235069761B28DC79008E909B /* Assets.xcassets */ = {isa = PBXFileReference; lastKnownFileType = folder.assetcatalog; path = Assets.xcassets; sourceTree = "<group>"; };
		235069791B28DC79008E909B /* Base */ = {isa = PBXFileReference; lastKnownFileType = file.storyboard; name = Base; path = Base.lproj/LaunchScreen.storyboard; sourceTree = "<group>"; };
		2350697B1B28DC79008E909B /* Info.plist */ = {isa = PBXFileReference; lastKnownFileType = text.plist.xml; path = Info.plist; sourceTree = "<group>"; };
		235069801B28DC79008E909B /* UITestingRecordingWithLabelTests.xctest */ = {isa = PBXFileReference; explicitFileType = wrapper.cfbundle; includeInIndex = 0; path = UITestingRecordingWithLabelTests.xctest; sourceTree = BUILT_PRODUCTS_DIR; };
		235069841B28DC79008E909B /* UITestingRecordingWithLabelTests.swift */ = {isa = PBXFileReference; lastKnownFileType = sourcecode.swift; path = UITestingRecordingWithLabelTests.swift; sourceTree = "<group>"; };
		235069861B28DC79008E909B /* Info.plist */ = {isa = PBXFileReference; lastKnownFileType = text.plist.xml; path = Info.plist; sourceTree = "<group>"; };
		2350698B1B28DC79008E909B /* UITestingRecordingWithLabelUITests.xctest */ = {isa = PBXFileReference; explicitFileType = wrapper.cfbundle; includeInIndex = 0; path = UITestingRecordingWithLabelUITests.xctest; sourceTree = BUILT_PRODUCTS_DIR; };
		2350698F1B28DC79008E909B /* UITestingRecordingWithLabelUITests.swift */ = {isa = PBXFileReference; lastKnownFileType = sourcecode.swift; path = UITestingRecordingWithLabelUITests.swift; sourceTree = "<group>"; };
		235069911B28DC79008E909B /* Info.plist */ = {isa = PBXFileReference; lastKnownFileType = text.plist.xml; path = Info.plist; sourceTree = "<group>"; };
/* End PBXFileReference section */

/* Begin PBXFrameworksBuildPhase section */
		235069691B28DC79008E909B /* Frameworks */ = {
			isa = PBXFrameworksBuildPhase;
			buildActionMask = 2147483647;
			files = (
			);
			runOnlyForDeploymentPostprocessing = 0;
		};
		2350697D1B28DC79008E909B /* Frameworks */ = {
			isa = PBXFrameworksBuildPhase;
			buildActionMask = 2147483647;
			files = (
			);
			runOnlyForDeploymentPostprocessing = 0;
		};
		235069881B28DC79008E909B /* Frameworks */ = {
			isa = PBXFrameworksBuildPhase;
			buildActionMask = 2147483647;
			files = (
			);
			runOnlyForDeploymentPostprocessing = 0;
		};
/* End PBXFrameworksBuildPhase section */

/* Begin PBXGroup section */
		235069631B28DC79008E909B = {
			isa = PBXGroup;
			children = (
				2350696E1B28DC79008E909B /* UITestingRecordingWithLabel */,
				235069831B28DC79008E909B /* UITestingRecordingWithLabelTests */,
				2350698E1B28DC79008E909B /* UITestingRecordingWithLabelUITests */,
				2350696D1B28DC79008E909B /* Products */,
			);
			sourceTree = "<group>";
		};
		2350696D1B28DC79008E909B /* Products */ = {
			isa = PBXGroup;
			children = (
				2350696C1B28DC79008E909B /* UITestingRecordingWithLabel.app */,
				235069801B28DC79008E909B /* UITestingRecordingWithLabelTests.xctest */,
				2350698B1B28DC79008E909B /* UITestingRecordingWithLabelUITests.xctest */,
			);
			name = Products;
			sourceTree = "<group>";
		};
		2350696E1B28DC79008E909B /* UITestingRecordingWithLabel */ = {
			isa = PBXGroup;
			children = (
				2350696F1B28DC79008E909B /* AppDelegate.swift */,
				235069711B28DC79008E909B /* ViewController.swift */,
				235069731B28DC79008E909B /* Main.storyboard */,
				235069761B28DC79008E909B /* Assets.xcassets */,
				235069781B28DC79008E909B /* LaunchScreen.storyboard */,
				2350697B1B28DC79008E909B /* Info.plist */,
			);
			path = UITestingRecordingWithLabel;
			sourceTree = "<group>";
		};
		235069831B28DC79008E909B /* UITestingRecordingWithLabelTests */ = {
			isa = PBXGroup;
			children = (
				235069841B28DC79008E909B /* UITestingRecordingWithLabelTests.swift */,
				235069861B28DC79008E909B /* Info.plist */,
			);
			path = UITestingRecordingWithLabelTests;
			sourceTree = "<group>";
		};
		2350698E1B28DC79008E909B /* UITestingRecordingWithLabelUITests */ = {
			isa = PBXGroup;
			children = (
				2350698F1B28DC79008E909B /* UITestingRecordingWithLabelUITests.swift */,
				235069911B28DC79008E909B /* Info.plist */,
			);
			path = UITestingRecordingWithLabelUITests;
			sourceTree = "<group>";
		};
/* End PBXGroup section */

/* Begin PBXNativeTarget section */
		2350696B1B28DC79008E909B /* UITestingRecordingWithLabel */ = {
			isa = PBXNativeTarget;
			buildConfigurationList = 235069941B28DC79008E909B /* Build configuration list for PBXNativeTarget "UITestingRecordingWithLabel" */;
			buildPhases = (
				235069681B28DC79008E909B /* Sources */,
				235069691B28DC79008E909B /* Frameworks */,
				2350696A1B28DC79008E909B /* Resources */,
			);
			buildRules = (
			);
			dependencies = (
			);
			name = UITestingRecordingWithLabel;
			productName = UITestingRecordingWithLabel;
			productReference = 2350696C1B28DC79008E909B /* UITestingRecordingWithLabel.app */;
			productType = "com.apple.product-type.application";
		};
		2350697F1B28DC79008E909B /* UITestingRecordingWithLabelTests */ = {
			isa = PBXNativeTarget;
			buildConfigurationList = 235069971B28DC79008E909B /* Build configuration list for PBXNativeTarget "UITestingRecordingWithLabelTests" */;
			buildPhases = (
				2350697C1B28DC79008E909B /* Sources */,
				2350697D1B28DC79008E909B /* Frameworks */,
				2350697E1B28DC79008E909B /* Resources */,
			);
			buildRules = (
			);
			dependencies = (
				235069821B28DC79008E909B /* PBXTargetDependency */,
			);
			name = UITestingRecordingWithLabelTests;
			productName = UITestingRecordingWithLabelTests;
			productReference = 235069801B28DC79008E909B /* UITestingRecordingWithLabelTests.xctest */;
			productType = "com.apple.product-type.bundle.unit-test";
		};
		2350698A1B28DC79008E909B /* UITestingRecordingWithLabelUITests */ = {
			isa = PBXNativeTarget;
			buildConfigurationList = 2350699A1B28DC79008E909B /* Build configuration list for PBXNativeTarget "UITestingRecordingWithLabelUITests" */;
			buildPhases = (
				235069871B28DC79008E909B /* Sources */,
				235069881B28DC79008E909B /* Frameworks */,
				235069891B28DC79008E909B /* Resources */,
			);
			buildRules = (
			);
			dependencies = (
				2350698D1B28DC79008E909B /* PBXTargetDependency */,
			);
			name = UITestingRecordingWithLabelUITests;
			productName = UITestingRecordingWithLabelUITests;
			productReference = 2350698B1B28DC79008E909B /* UITestingRecordingWithLabelUITests.xctest */;
			productType = "com.apple.product-type.bundle.ui-testing";
		};
/* End PBXNativeTarget section */

/* Begin PBXProject section */
		235069641B28DC79008E909B /* Project object */ = {
			isa = PBXProject;
			attributes = {
				LastUpgradeCheck = 0700;
				ORGANIZATIONNAME = "Noodlewerk Apps";
				TargetAttributes = {
					2350696B1B28DC79008E909B = {
						CreatedOnToolsVersion = 7.0;
					};
					2350697F1B28DC79008E909B = {
						CreatedOnToolsVersion = 7.0;
						TestTargetID = 2350696B1B28DC79008E909B;
					};
					2350698A1B28DC79008E909B = {
						CreatedOnToolsVersion = 7.0;
						TestTargetID = 2350696B1B28DC79008E909B;
					};
				};
			};
			buildConfigurationList = 235069671B28DC79008E909B /* Build configuration list for PBXProject "UITestingRecordingWithLabel" */;
			compatibilityVersion = "Xcode 3.2";
			developmentRegion = English;
			hasScannedForEncodings = 0;
			knownRegions = (
				en,
				Base,
			);
			mainGroup = 235069631B28DC79008E909B;
			productRefGroup = 2350696D1B28DC79008E909B /* Products */;
			projectDirPath = "";
			projectRoot = "";
			targets = (
				2350696B1B28DC79008E909B /* UITestingRecordingWithLabel */,
				2350697F1B28DC79008E909B /* UITestingRecordingWithLabelTests */,
				2350698A1B28DC79008E909B /* UITestingRecordingWithLabelUITests */,
			);
		};
/* End PBXProject section */

/* Begin PBXResourcesBuildPhase section */
		2350696A1B28DC79008E909B /* Resources */ = {
			isa = PBXResourcesBuildPhase;
			buildActionMask = 2147483647;
			files = (
				2350697A1B28DC79008E909B /* LaunchScreen.storyboard in Resources */,
				235069771B28DC79008E909B /* Assets.xcassets in Resources */,
				235069751B28DC79008E909B /* Main.storyboard in Resources */,
			);
			runOnlyForDeploymentPostprocessing = 0;
		};
		2350697E1B28DC79008E909B /* Resources */ = {
			isa = PBXResourcesBuildPhase;
			buildActionMask = 2147483647;
			files = (
			);
			runOnlyForDeploymentPostprocessing = 0;
		};
		235069891B28DC79008E909B /* Resources */ = {
			isa = PBXResourcesBuildPhase;
			buildActionMask = 2147483647;
			files = (
			);
			runOnlyForDeploymentPostprocessing = 0;
		};
/* End PBXResourcesBuildPhase section */

/* Begin PBXSourcesBuildPhase section */
		235069681B28DC79008E909B /* Sources */ = {
			isa = PBXSourcesBuildPhase;
			buildActionMask = 2147483647;
			files = (
				235069721B28DC79008E909B /* ViewController.swift in Sources */,
				235069701B28DC79008E909B /* AppDelegate.swift in Sources */,
			);
			runOnlyForDeploymentPostprocessing = 0;
		};
		2350697C1B28DC79008E909B /* Sources */ = {
			isa = PBXSourcesBuildPhase;
			buildActionMask = 2147483647;
			files = (
				235069851B28DC79008E909B /* UITestingRecordingWithLabelTests.swift in Sources */,
			);
			runOnlyForDeploymentPostprocessing = 0;
		};
		235069871B28DC79008E909B /* Sources */ = {
			isa = PBXSourcesBuildPhase;
			buildActionMask = 2147483647;
			files = (
				235069901B28DC79008E909B /* UITestingRecordingWithLabelUITests.swift in Sources */,
			);
			runOnlyForDeploymentPostprocessing = 0;
		};
/* End PBXSourcesBuildPhase section */

/* Begin PBXTargetDependency section */
		235069821B28DC79008E909B /* PBXTargetDependency */ = {
			isa = PBXTargetDependency;
			target = 2350696B1B28DC79008E909B /* UITestingRecordingWithLabel */;
			targetProxy = 235069811B28DC79008E909B /* PBXContainerItemProxy */;
		};
		2350698D1B28DC79008E909B /* PBXTargetDependency */ = {
			isa = PBXTargetDependency;
			target = 2350696B1B28DC79008E909B /* UITestingRecordingWithLabel */;
			targetProxy = 2350698C1B28DC79008E909B /* PBXContainerItemProxy */;
		};
/* End PBXTargetDependency section */

/* Begin PBXVariantGroup section */
		235069731B28DC79008E909B /* Main.storyboard */ = {
			isa = PBXVariantGroup;
			children = (
				235069741B28DC79008E909B /* Base */,
			);
			name = Main.storyboard;
			sourceTree = "<group>";
		};
		235069781B28DC79008E909B /* LaunchScreen.storyboard */ = {
			isa = PBXVariantGroup;
			children = (
				235069791B28DC79008E909B /* Base */,
			);
			name = LaunchScreen.storyboard;
			sourceTree = "<group>";
		};
/* End PBXVariantGroup section */

/* Begin XCBuildConfiguration section */
		235069921B28DC79008E909B /* Debug */ = {
			isa = XCBuildConfiguration;
			buildSettings = {
				ALWAYS_SEARCH_USER_PATHS = NO;
				CLANG_CXX_LANGUAGE_STANDARD = "gnu++0x";
				CLANG_CXX_LIBRARY = "libc++";
				CLANG_ENABLE_MODULES = YES;
				CLANG_ENABLE_OBJC_ARC = YES;
				CLANG_WARN_BOOL_CONVERSION = YES;
				CLANG_WARN_CONSTANT_CONVERSION = YES;
				CLANG_WARN_DIRECT_OBJC_ISA_USAGE = YES_ERROR;
				CLANG_WARN_EMPTY_BODY = YES;
				CLANG_WARN_ENUM_CONVERSION = YES;
				CLANG_WARN_INT_CONVERSION = YES;
				CLANG_WARN_OBJC_ROOT_CLASS = YES_ERROR;
				CLANG_WARN_UNREACHABLE_CODE = YES;
				CLANG_WARN__DUPLICATE_METHOD_MATCH = YES;
				"CODE_SIGN_IDENTITY[sdk=iphoneos*]" = "iPhone Developer";
				COPY_PHASE_STRIP = NO;
				DEBUG_INFORMATION_FORMAT = dwarf;
				ENABLE_STRICT_OBJC_MSGSEND = YES;
				ENABLE_TESTABILITY = YES;
				GCC_C_LANGUAGE_STANDARD = gnu99;
				GCC_DYNAMIC_NO_PIC = NO;
				GCC_NO_COMMON_BLOCKS = YES;
				GCC_OPTIMIZATION_LEVEL = 0;
				GCC_PREPROCESSOR_DEFINITIONS = (
					"DEBUG=1",
					"$(inherited)",
				);
				GCC_WARN_64_TO_32_BIT_CONVERSION = YES;
				GCC_WARN_ABOUT_RETURN_TYPE = YES_ERROR;
				GCC_WARN_UNDECLARED_SELECTOR = YES;
				GCC_WARN_UNINITIALIZED_AUTOS = YES_AGGRESSIVE;
				GCC_WARN_UNUSED_FUNCTION = YES;
				GCC_WARN_UNUSED_VARIABLE = YES;
				IPHONEOS_DEPLOYMENT_TARGET = 9.0;
				MTL_ENABLE_DEBUG_INFO = YES;
				ONLY_ACTIVE_ARCH = YES;
				SDKROOT = iphoneos;
				SWIFT_OPTIMIZATION_LEVEL = "-Onone";
			};
			name = Debug;
		};
		235069931B28DC79008E909B /* Release */ = {
			isa = XCBuildConfiguration;
			buildSettings = {
				ALWAYS_SEARCH_USER_PATHS = NO;
				CLANG_CXX_LANGUAGE_STANDARD = "gnu++0x";
				CLANG_CXX_LIBRARY = "libc++";
				CLANG_ENABLE_MODULES = YES;
				CLANG_ENABLE_OBJC_ARC = YES;
				CLANG_WARN_BOOL_CONVERSION = YES;
				CLANG_WARN_CONSTANT_CONVERSION = YES;
				CLANG_WARN_DIRECT_OBJC_ISA_USAGE = YES_ERROR;
				CLANG_WARN_EMPTY_BODY = YES;
				CLANG_WARN_ENUM_CONVERSION = YES;
				CLANG_WARN_INT_CONVERSION = YES;
				CLANG_WARN_OBJC_ROOT_CLASS = YES_ERROR;
				CLANG_WARN_UNREACHABLE_CODE = YES;
				CLANG_WARN__DUPLICATE_METHOD_MATCH = YES;
				"CODE_SIGN_IDENTITY[sdk=iphoneos*]" = "iPhone Developer";
				COPY_PHASE_STRIP = NO;
				DEBUG_INFORMATION_FORMAT = "dwarf-with-dsym";
				ENABLE_NS_ASSERTIONS = NO;
				ENABLE_STRICT_OBJC_MSGSEND = YES;
				GCC_C_LANGUAGE_STANDARD = gnu99;
				GCC_NO_COMMON_BLOCKS = YES;
				GCC_WARN_64_TO_32_BIT_CONVERSION = YES;
				GCC_WARN_ABOUT_RETURN_TYPE = YES_ERROR;
				GCC_WARN_UNDECLARED_SELECTOR = YES;
				GCC_WARN_UNINITIALIZED_AUTOS = YES_AGGRESSIVE;
				GCC_WARN_UNUSED_FUNCTION = YES;
				GCC_WARN_UNUSED_VARIABLE = YES;
				IPHONEOS_DEPLOYMENT_TARGET = 9.0;
				MTL_ENABLE_DEBUG_INFO = NO;
				SDKROOT = iphoneos;
				VALIDATE_PRODUCT = YES;
			};
			name = Release;
		};
		235069951B28DC79008E909B /* Debug */ = {
			isa = XCBuildConfiguration;
			buildSettings = {
				ASSETCATALOG_COMPILER_APPICON_NAME = AppIcon;
				INFOPLIST_FILE = UITestingRecordingWithLabel/Info.plist;
				LD_RUNPATH_SEARCH_PATHS = "$(inherited) @executable_path/Frameworks";
				PRODUCT_BUNDLE_IDENTIFIER = com.noodlewerk.UITestingRecordingWithLabel;
				PRODUCT_NAME = "$(TARGET_NAME)";
			};
			name = Debug;
		};
		235069961B28DC79008E909B /* Release */ = {
			isa = XCBuildConfiguration;
			buildSettings = {
				ASSETCATALOG_COMPILER_APPICON_NAME = AppIcon;
				INFOPLIST_FILE = UITestingRecordingWithLabel/Info.plist;
				LD_RUNPATH_SEARCH_PATHS = "$(inherited) @executable_path/Frameworks";
				PRODUCT_BUNDLE_IDENTIFIER = com.noodlewerk.UITestingRecordingWithLabel;
				PRODUCT_NAME = "$(TARGET_NAME)";
			};
			name = Release;
		};
		235069981B28DC79008E909B /* Debug */ = {
			isa = XCBuildConfiguration;
			buildSettings = {
				BUNDLE_LOADER = "$(TEST_HOST)";
				INFOPLIST_FILE = UITestingRecordingWithLabelTests/Info.plist;
				LD_RUNPATH_SEARCH_PATHS = "$(inherited) @executable_path/Frameworks @loader_path/Frameworks";
				PRODUCT_BUNDLE_IDENTIFIER = com.noodlewerk.UITestingRecordingWithLabelTests;
				PRODUCT_NAME = "$(TARGET_NAME)";
				TEST_HOST = "$(BUILT_PRODUCTS_DIR)/UITestingRecordingWithLabel.app/UITestingRecordingWithLabel";
			};
			name = Debug;
		};
		235069991B28DC79008E909B /* Release */ = {
			isa = XCBuildConfiguration;
			buildSettings = {
				BUNDLE_LOADER = "$(TEST_HOST)";
				INFOPLIST_FILE = UITestingRecordingWithLabelTests/Info.plist;
				LD_RUNPATH_SEARCH_PATHS = "$(inherited) @executable_path/Frameworks @loader_path/Frameworks";
				PRODUCT_BUNDLE_IDENTIFIER = com.noodlewerk.UITestingRecordingWithLabelTests;
				PRODUCT_NAME = "$(TARGET_NAME)";
				TEST_HOST = "$(BUILT_PRODUCTS_DIR)/UITestingRecordingWithLabel.app/UITestingRecordingWithLabel";
			};
			name = Release;
		};
		2350699B1B28DC79008E909B /* Debug */ = {
			isa = XCBuildConfiguration;
			buildSettings = {
				INFOPLIST_FILE = UITestingRecordingWithLabelUITests/Info.plist;
				LD_RUNPATH_SEARCH_PATHS = "$(inherited) @executable_path/Frameworks @loader_path/Frameworks";
				PRODUCT_BUNDLE_IDENTIFIER = com.noodlewerk.UITestingRecordingWithLabelUITests;
				PRODUCT_NAME = "$(TARGET_NAME)";
				TEST_TARGET_NAME = UITestingRecordingWithLabel;
				USES_XCTRUNNER = YES;
			};
			name = Debug;
		};
		2350699C1B28DC79008E909B /* Release */ = {
			isa = XCBuildConfiguration;
			buildSettings = {
				INFOPLIST_FILE = UITestingRecordingWithLabelUITests/Info.plist;
				LD_RUNPATH_SEARCH_PATHS = "$(inherited) @executable_path/Frameworks @loader_path/Frameworks";
				PRODUCT_BUNDLE_IDENTIFIER = com.noodlewerk.UITestingRecordingWithLabelUITests;
				PRODUCT_NAME = "$(TARGET_NAME)";
				TEST_TARGET_NAME = UITestingRecordingWithLabel;
				USES_XCTRUNNER = YES;
			};
			name = Release;
		};
/* End XCBuildConfiguration section */

/* Begin XCConfigurationList section */
		235069671B28DC79008E909B /* Build configuration list for PBXProject "UITestingRecordingWithLabel" */ = {
			isa = XCConfigurationList;
			buildConfigurations = (
				235069921B28DC79008E909B /* Debug */,
				235069931B28DC79008E909B /* Release */,
			);
			defaultConfigurationIsVisible = 0;
			defaultConfigurationName = Release;
		};
		235069941B28DC79008E909B /* Build configuration list for PBXNativeTarget "UITestingRecordingWithLabel" */ = {
			isa = XCConfigurationList;
			buildConfigurations = (
				235069951B28DC79008E909B /* Debug */,
				235069961B28DC79008E909B /* Release */,
			);
			defaultConfigurationIsVisible = 0;
		};
		235069971B28DC79008E909B /* Build configuration list for PBXNativeTarget "UITestingRecordingWithLabelTests" */ = {
			isa = XCConfigurationList;
			buildConfigurations = (
				235069981B28DC79008E909B /* Debug */,
				235069991B28DC79008E909B /* Release */,
			);
			defaultConfigurationIsVisible = 0;
		};
		2350699A1B28DC79008E909B /* Build configuration list for PBXNativeTarget "UITestingRecordingWithLabelUITests" */ = {
			isa = XCConfigurationList;
			buildConfigurations = (
				2350699B1B28DC79008E909B /* Debug */,
				2350699C1B28DC79008E909B /* Release */,
			);
			defaultConfigurationIsVisible = 0;
		};
/* End XCConfigurationList section */
	};
	rootObject = 235069641B28DC79008E909B /* Project object */;
}
